// !$*UTF8*$!
{
	archiveVersion = 1;
	classes = {
	};
	objectVersion = 51;
	objects = {

/* Begin PBXBuildFile section */
		2D3DECDBEAC0B7CC539D0855 /* Pods_P4Signindrawer.framework in Frameworks */ = {isa = PBXBuildFile; fileRef = 688D53A20DAD9391C3F492B2 /* Pods_P4Signindrawer.framework */; };
		7F10AE9226DD31410031EEA6 /* SignIn.storyboard in Resources */ = {isa = PBXBuildFile; fileRef = 7F10AE9126DD31410031EEA6 /* SignIn.storyboard */; };
		7F10AE9426DD31630031EEA6 /* SignInViewController.swift in Sources */ = {isa = PBXBuildFile; fileRef = 7F10AE9326DD31630031EEA6 /* SignInViewController.swift */; };
		7F10AE9826DD385C0031EEA6 /* UISplitViewController+Extension.swift in Sources */ = {isa = PBXBuildFile; fileRef = 7F10AE9726DD385C0031EEA6 /* UISplitViewController+Extension.swift */; };
		7F10AE9A26DD388C0031EEA6 /* UITextField+Extension.swift in Sources */ = {isa = PBXBuildFile; fileRef = 7F10AE9926DD388C0031EEA6 /* UITextField+Extension.swift */; };
		7F10AE9E26DD39CA0031EEA6 /* UIButton+Extension.swift in Sources */ = {isa = PBXBuildFile; fileRef = 7F10AE9D26DD39CA0031EEA6 /* UIButton+Extension.swift */; };
		7F10AEA026DD3B9E0031EEA6 /* Color.swift in Sources */ = {isa = PBXBuildFile; fileRef = 7F10AE9F26DD3B9E0031EEA6 /* Color.swift */; };
		7F10AEA226DE171A0031EEA6 /* SignUpViewController.swift in Sources */ = {isa = PBXBuildFile; fileRef = 7F10AEA126DE171A0031EEA6 /* SignUpViewController.swift */; };
		7F10AEA426DE17340031EEA6 /* SignUp.storyboard in Resources */ = {isa = PBXBuildFile; fileRef = 7F10AEA326DE17340031EEA6 /* SignUp.storyboard */; };
		7F16F49226DA471C000BF5AA /* MenuViewController.swift in Sources */ = {isa = PBXBuildFile; fileRef = 7F16F49126DA471C000BF5AA /* MenuViewController.swift */; };
		7F16F49F26DB77C2000BF5AA /* LogoCell.swift in Sources */ = {isa = PBXBuildFile; fileRef = 7F16F49D26DB77C2000BF5AA /* LogoCell.swift */; };
		7F16F4A026DB77C2000BF5AA /* LogoCell.xib in Resources */ = {isa = PBXBuildFile; fileRef = 7F16F49E26DB77C2000BF5AA /* LogoCell.xib */; };
		7F16F4A326DB7884000BF5AA /* MenuCell.swift in Sources */ = {isa = PBXBuildFile; fileRef = 7F16F4A126DB7884000BF5AA /* MenuCell.swift */; };
		7F16F4A426DB7884000BF5AA /* MenuCell.xib in Resources */ = {isa = PBXBuildFile; fileRef = 7F16F4A226DB7884000BF5AA /* MenuCell.xib */; };
		7F16F4A726DB7907000BF5AA /* MinimizeCell.swift in Sources */ = {isa = PBXBuildFile; fileRef = 7F16F4A526DB7907000BF5AA /* MinimizeCell.swift */; };
		7F16F4A826DB7907000BF5AA /* MinimizeCell.xib in Resources */ = {isa = PBXBuildFile; fileRef = 7F16F4A626DB7907000BF5AA /* MinimizeCell.xib */; };
		7F16F4AB26DB7A8E000BF5AA /* Reusable.swift in Sources */ = {isa = PBXBuildFile; fileRef = 7F16F4AA26DB7A8E000BF5AA /* Reusable.swift */; };
		7F16F4B126DB8B24000BF5AA /* Menu.swift in Sources */ = {isa = PBXBuildFile; fileRef = 7F16F4B026DB8B24000BF5AA /* Menu.swift */; };
		7F16F4B326DBC30C000BF5AA /* Minimize.swift in Sources */ = {isa = PBXBuildFile; fileRef = 7F16F4B226DBC30C000BF5AA /* Minimize.swift */; };
		7F16F4B526DBD88C000BF5AA /* Logo.swift in Sources */ = {isa = PBXBuildFile; fileRef = 7F16F4B426DBD88C000BF5AA /* Logo.swift */; };
		7F16F4B726DBE438000BF5AA /* InfomationViewController.swift in Sources */ = {isa = PBXBuildFile; fileRef = 7F16F4B626DBE438000BF5AA /* InfomationViewController.swift */; };
		7F5A443C26DE3B0D00BE7BD3 /* RealmManager.swift in Sources */ = {isa = PBXBuildFile; fileRef = 7F5A443B26DE3B0D00BE7BD3 /* RealmManager.swift */; };
		7F5A444126DE411900BE7BD3 /* User.swift in Sources */ = {isa = PBXBuildFile; fileRef = 7F5A444026DE411900BE7BD3 /* User.swift */; };
		7F5A444326DF7AEF00BE7BD3 /* PhoneUtil.swift in Sources */ = {isa = PBXBuildFile; fileRef = 7F5A444226DF7AEF00BE7BD3 /* PhoneUtil.swift */; };
		7F5A444626DF831B00BE7BD3 /* EmailUtil.swift in Sources */ = {isa = PBXBuildFile; fileRef = 7F5A444526DF831B00BE7BD3 /* EmailUtil.swift */; };
		7F5A444826DF893100BE7BD3 /* PasswordUtil.swift in Sources */ = {isa = PBXBuildFile; fileRef = 7F5A444726DF893100BE7BD3 /* PasswordUtil.swift */; };
		7F5A444C26E09D3A00BE7BD3 /* Alert.swift in Sources */ = {isa = PBXBuildFile; fileRef = 7F5A444B26E09D3A00BE7BD3 /* Alert.swift */; };
		7F5A445126E09DC700BE7BD3 /* InputError.swift in Sources */ = {isa = PBXBuildFile; fileRef = 7F5A445026E09DC700BE7BD3 /* InputError.swift */; };
		7F97092126DA2EB1004F04B4 /* AppDelegate.swift in Sources */ = {isa = PBXBuildFile; fileRef = 7F97092026DA2EB1004F04B4 /* AppDelegate.swift */; };
		7F97092826DA2EB2004F04B4 /* Assets.xcassets in Resources */ = {isa = PBXBuildFile; fileRef = 7F97092726DA2EB2004F04B4 /* Assets.xcassets */; };
		7F97092B26DA2EB2004F04B4 /* LaunchScreen.storyboard in Resources */ = {isa = PBXBuildFile; fileRef = 7F97092926DA2EB2004F04B4 /* LaunchScreen.storyboard */; };
		7F97093926DA3797004F04B4 /* Split.storyboard in Resources */ = {isa = PBXBuildFile; fileRef = 7F97093826DA3797004F04B4 /* Split.storyboard */; };
		7F97093B26DA393F004F04B4 /* SplitViewController.swift in Sources */ = {isa = PBXBuildFile; fileRef = 7F97093A26DA393F004F04B4 /* SplitViewController.swift */; };
/* End PBXBuildFile section */

/* Begin PBXFileReference section */
		133450ED4AF04EB82E981089 /* Pods-P4Signindrawer.release.xcconfig */ = {isa = PBXFileReference; includeInIndex = 1; lastKnownFileType = text.xcconfig; name = "Pods-P4Signindrawer.release.xcconfig"; path = "Target Support Files/Pods-P4Signindrawer/Pods-P4Signindrawer.release.xcconfig"; sourceTree = "<group>"; };
		688D53A20DAD9391C3F492B2 /* Pods_P4Signindrawer.framework */ = {isa = PBXFileReference; explicitFileType = wrapper.framework; includeInIndex = 0; path = Pods_P4Signindrawer.framework; sourceTree = BUILT_PRODUCTS_DIR; };
		7F10AE9126DD31410031EEA6 /* SignIn.storyboard */ = {isa = PBXFileReference; lastKnownFileType = file.storyboard; path = SignIn.storyboard; sourceTree = "<group>"; };
		7F10AE9326DD31630031EEA6 /* SignInViewController.swift */ = {isa = PBXFileReference; lastKnownFileType = sourcecode.swift; path = SignInViewController.swift; sourceTree = "<group>"; };
		7F10AE9726DD385C0031EEA6 /* UISplitViewController+Extension.swift */ = {isa = PBXFileReference; lastKnownFileType = sourcecode.swift; path = "UISplitViewController+Extension.swift"; sourceTree = "<group>"; };
		7F10AE9926DD388C0031EEA6 /* UITextField+Extension.swift */ = {isa = PBXFileReference; lastKnownFileType = sourcecode.swift; path = "UITextField+Extension.swift"; sourceTree = "<group>"; };
		7F10AE9D26DD39CA0031EEA6 /* UIButton+Extension.swift */ = {isa = PBXFileReference; lastKnownFileType = sourcecode.swift; path = "UIButton+Extension.swift"; sourceTree = "<group>"; };
		7F10AE9F26DD3B9E0031EEA6 /* Color.swift */ = {isa = PBXFileReference; lastKnownFileType = sourcecode.swift; path = Color.swift; sourceTree = "<group>"; };
		7F10AEA126DE171A0031EEA6 /* SignUpViewController.swift */ = {isa = PBXFileReference; lastKnownFileType = sourcecode.swift; path = SignUpViewController.swift; sourceTree = "<group>"; };
		7F10AEA326DE17340031EEA6 /* SignUp.storyboard */ = {isa = PBXFileReference; lastKnownFileType = file.storyboard; path = SignUp.storyboard; sourceTree = "<group>"; };
		7F16F49126DA471C000BF5AA /* MenuViewController.swift */ = {isa = PBXFileReference; lastKnownFileType = sourcecode.swift; path = MenuViewController.swift; sourceTree = "<group>"; };
		7F16F49D26DB77C2000BF5AA /* LogoCell.swift */ = {isa = PBXFileReference; lastKnownFileType = sourcecode.swift; path = LogoCell.swift; sourceTree = "<group>"; };
		7F16F49E26DB77C2000BF5AA /* LogoCell.xib */ = {isa = PBXFileReference; lastKnownFileType = file.xib; path = LogoCell.xib; sourceTree = "<group>"; };
		7F16F4A126DB7884000BF5AA /* MenuCell.swift */ = {isa = PBXFileReference; lastKnownFileType = sourcecode.swift; path = MenuCell.swift; sourceTree = "<group>"; };
		7F16F4A226DB7884000BF5AA /* MenuCell.xib */ = {isa = PBXFileReference; lastKnownFileType = file.xib; path = MenuCell.xib; sourceTree = "<group>"; };
		7F16F4A526DB7907000BF5AA /* MinimizeCell.swift */ = {isa = PBXFileReference; lastKnownFileType = sourcecode.swift; path = MinimizeCell.swift; sourceTree = "<group>"; };
		7F16F4A626DB7907000BF5AA /* MinimizeCell.xib */ = {isa = PBXFileReference; lastKnownFileType = file.xib; path = MinimizeCell.xib; sourceTree = "<group>"; };
		7F16F4AA26DB7A8E000BF5AA /* Reusable.swift */ = {isa = PBXFileReference; lastKnownFileType = sourcecode.swift; path = Reusable.swift; sourceTree = "<group>"; };
		7F16F4B026DB8B24000BF5AA /* Menu.swift */ = {isa = PBXFileReference; lastKnownFileType = sourcecode.swift; path = Menu.swift; sourceTree = "<group>"; };
		7F16F4B226DBC30C000BF5AA /* Minimize.swift */ = {isa = PBXFileReference; lastKnownFileType = sourcecode.swift; path = Minimize.swift; sourceTree = "<group>"; };
		7F16F4B426DBD88C000BF5AA /* Logo.swift */ = {isa = PBXFileReference; lastKnownFileType = sourcecode.swift; path = Logo.swift; sourceTree = "<group>"; };
		7F16F4B626DBE438000BF5AA /* InfomationViewController.swift */ = {isa = PBXFileReference; lastKnownFileType = sourcecode.swift; path = InfomationViewController.swift; sourceTree = "<group>"; };
		7F5A443B26DE3B0D00BE7BD3 /* RealmManager.swift */ = {isa = PBXFileReference; lastKnownFileType = sourcecode.swift; path = RealmManager.swift; sourceTree = "<group>"; };
		7F5A444026DE411900BE7BD3 /* User.swift */ = {isa = PBXFileReference; lastKnownFileType = sourcecode.swift; path = User.swift; sourceTree = "<group>"; };
		7F5A444226DF7AEF00BE7BD3 /* PhoneUtil.swift */ = {isa = PBXFileReference; lastKnownFileType = sourcecode.swift; path = PhoneUtil.swift; sourceTree = "<group>"; };
		7F5A444526DF831B00BE7BD3 /* EmailUtil.swift */ = {isa = PBXFileReference; lastKnownFileType = sourcecode.swift; path = EmailUtil.swift; sourceTree = "<group>"; };
		7F5A444726DF893100BE7BD3 /* PasswordUtil.swift */ = {isa = PBXFileReference; lastKnownFileType = sourcecode.swift; path = PasswordUtil.swift; sourceTree = "<group>"; };
		7F5A444B26E09D3A00BE7BD3 /* Alert.swift */ = {isa = PBXFileReference; lastKnownFileType = sourcecode.swift; path = Alert.swift; sourceTree = "<group>"; };
		7F5A445026E09DC700BE7BD3 /* InputError.swift */ = {isa = PBXFileReference; lastKnownFileType = sourcecode.swift; path = InputError.swift; sourceTree = "<group>"; };
		7F97091D26DA2EB1004F04B4 /* P4Signindrawer.app */ = {isa = PBXFileReference; explicitFileType = wrapper.application; includeInIndex = 0; path = P4Signindrawer.app; sourceTree = BUILT_PRODUCTS_DIR; };
		7F97092026DA2EB1004F04B4 /* AppDelegate.swift */ = {isa = PBXFileReference; lastKnownFileType = sourcecode.swift; path = AppDelegate.swift; sourceTree = "<group>"; };
		7F97092726DA2EB2004F04B4 /* Assets.xcassets */ = {isa = PBXFileReference; lastKnownFileType = folder.assetcatalog; path = Assets.xcassets; sourceTree = "<group>"; };
		7F97092A26DA2EB2004F04B4 /* Base */ = {isa = PBXFileReference; lastKnownFileType = file.storyboard; name = Base; path = Base.lproj/LaunchScreen.storyboard; sourceTree = "<group>"; };
		7F97092C26DA2EB2004F04B4 /* Info.plist */ = {isa = PBXFileReference; lastKnownFileType = text.plist.xml; path = Info.plist; sourceTree = "<group>"; };
		7F97093826DA3797004F04B4 /* Split.storyboard */ = {isa = PBXFileReference; lastKnownFileType = file.storyboard; path = Split.storyboard; sourceTree = "<group>"; };
		7F97093A26DA393F004F04B4 /* SplitViewController.swift */ = {isa = PBXFileReference; lastKnownFileType = sourcecode.swift; path = SplitViewController.swift; sourceTree = "<group>"; };
		C4DC5E1E3350E8F102223AEC /* Pods-P4Signindrawer.debug.xcconfig */ = {isa = PBXFileReference; includeInIndex = 1; lastKnownFileType = text.xcconfig; name = "Pods-P4Signindrawer.debug.xcconfig"; path = "Target Support Files/Pods-P4Signindrawer/Pods-P4Signindrawer.debug.xcconfig"; sourceTree = "<group>"; };
/* End PBXFileReference section */

/* Begin PBXFrameworksBuildPhase section */
		7F97091A26DA2EB1004F04B4 /* Frameworks */ = {
			isa = PBXFrameworksBuildPhase;
			buildActionMask = 2147483647;
			files = (
				2D3DECDBEAC0B7CC539D0855 /* Pods_P4Signindrawer.framework in Frameworks */,
			);
			runOnlyForDeploymentPostprocessing = 0;
		};
/* End PBXFrameworksBuildPhase section */

/* Begin PBXGroup section */
		5D90A03C001F6041F6C6AA05 /* Frameworks */ = {
			isa = PBXGroup;
			children = (
				688D53A20DAD9391C3F492B2 /* Pods_P4Signindrawer.framework */,
			);
			name = Frameworks;
			sourceTree = "<group>";
		};
		7F16F49C26DB779C000BF5AA /* TableViewCell */ = {
			isa = PBXGroup;
			children = (
				7F16F49D26DB77C2000BF5AA /* LogoCell.swift */,
				7F16F49E26DB77C2000BF5AA /* LogoCell.xib */,
				7F16F4A126DB7884000BF5AA /* MenuCell.swift */,
				7F16F4A226DB7884000BF5AA /* MenuCell.xib */,
				7F16F4A526DB7907000BF5AA /* MinimizeCell.swift */,
				7F16F4A626DB7907000BF5AA /* MinimizeCell.xib */,
			);
			path = TableViewCell;
			sourceTree = "<group>";
		};
		7F16F4A926DB7A7D000BF5AA /* Protocol */ = {
			isa = PBXGroup;
			children = (
				7F16F4AA26DB7A8E000BF5AA /* Reusable.swift */,
			);
			path = Protocol;
			sourceTree = "<group>";
		};
		7F16F4AE26DB87F3000BF5AA /* Extension */ = {
			isa = PBXGroup;
			children = (
				7F10AE9726DD385C0031EEA6 /* UISplitViewController+Extension.swift */,
				7F10AE9926DD388C0031EEA6 /* UITextField+Extension.swift */,
				7F10AE9D26DD39CA0031EEA6 /* UIButton+Extension.swift */,
			);
			path = Extension;
			sourceTree = "<group>";
		};
		7F16F4AF26DB8B11000BF5AA /* Model */ = {
			isa = PBXGroup;
			children = (
				7F5A444D26E09DA300BE7BD3 /* Error */,
				7F5A444426DF7AF400BE7BD3 /* Logic */,
				7F5A443F26DE40A600BE7BD3 /* Entity */,
				7F5A443E26DE409100BE7BD3 /* Manager */,
				7F5A443D26DE407C00BE7BD3 /* Resources */,
			);
			path = Model;
			sourceTree = "<group>";
		};
		7F5A443D26DE407C00BE7BD3 /* Resources */ = {
			isa = PBXGroup;
			children = (
				7F16F4B026DB8B24000BF5AA /* Menu.swift */,
				7F16F4B226DBC30C000BF5AA /* Minimize.swift */,
				7F16F4B426DBD88C000BF5AA /* Logo.swift */,
				7F10AE9F26DD3B9E0031EEA6 /* Color.swift */,
			);
			path = Resources;
			sourceTree = "<group>";
		};
		7F5A443E26DE409100BE7BD3 /* Manager */ = {
			isa = PBXGroup;
			children = (
				7F5A443B26DE3B0D00BE7BD3 /* RealmManager.swift */,
			);
			path = Manager;
			sourceTree = "<group>";
		};
		7F5A443F26DE40A600BE7BD3 /* Entity */ = {
			isa = PBXGroup;
			children = (
				7F5A444026DE411900BE7BD3 /* User.swift */,
			);
			path = Entity;
			sourceTree = "<group>";
		};
		7F5A444426DF7AF400BE7BD3 /* Logic */ = {
			isa = PBXGroup;
			children = (
				7F5A444226DF7AEF00BE7BD3 /* PhoneUtil.swift */,
				7F5A444526DF831B00BE7BD3 /* EmailUtil.swift */,
				7F5A444726DF893100BE7BD3 /* PasswordUtil.swift */,
				7F5A444B26E09D3A00BE7BD3 /* Alert.swift */,
			);
			path = Logic;
			sourceTree = "<group>";
		};
		7F5A444D26E09DA300BE7BD3 /* Error */ = {
			isa = PBXGroup;
			children = (
				7F5A445026E09DC700BE7BD3 /* InputError.swift */,
			);
			path = Error;
			sourceTree = "<group>";
		};
		7F97091426DA2EB1004F04B4 = {
			isa = PBXGroup;
			children = (
				7F97091F26DA2EB1004F04B4 /* P4Signindrawer */,
				7F97091E26DA2EB1004F04B4 /* Products */,
				824860F6B9DCB33CDB29D6AC /* Pods */,
				5D90A03C001F6041F6C6AA05 /* Frameworks */,
			);
			sourceTree = "<group>";
		};
		7F97091E26DA2EB1004F04B4 /* Products */ = {
			isa = PBXGroup;
			children = (
				7F97091D26DA2EB1004F04B4 /* P4Signindrawer.app */,
			);
			name = Products;
			sourceTree = "<group>";
		};
		7F97091F26DA2EB1004F04B4 /* P4Signindrawer */ = {
			isa = PBXGroup;
			children = (
				7F97093C26DA4355004F04B4 /* Application */,
				7F16F4AF26DB8B11000BF5AA /* Model */,
				7F97093D26DA436D004F04B4 /* View */,
				7F97093E26DA437B004F04B4 /* Controller */,
				7F16F4A926DB7A7D000BF5AA /* Protocol */,
				7F16F4AE26DB87F3000BF5AA /* Extension */,
				7F97092726DA2EB2004F04B4 /* Assets.xcassets */,
				7F97092C26DA2EB2004F04B4 /* Info.plist */,
			);
			path = P4Signindrawer;
			sourceTree = "<group>";
		};
		7F97093C26DA4355004F04B4 /* Application */ = {
			isa = PBXGroup;
			children = (
				7F97092026DA2EB1004F04B4 /* AppDelegate.swift */,
			);
			path = Application;
			sourceTree = "<group>";
		};
		7F97093D26DA436D004F04B4 /* View */ = {
			isa = PBXGroup;
			children = (
				7F97093F26DA4392004F04B4 /* Storyboard */,
				7F16F49C26DB779C000BF5AA /* TableViewCell */,
			);
			path = View;
			sourceTree = "<group>";
		};
		7F97093E26DA437B004F04B4 /* Controller */ = {
			isa = PBXGroup;
			children = (
				7F10AE9326DD31630031EEA6 /* SignInViewController.swift */,
				7F10AEA126DE171A0031EEA6 /* SignUpViewController.swift */,
				7F97093A26DA393F004F04B4 /* SplitViewController.swift */,
				7F16F49126DA471C000BF5AA /* MenuViewController.swift */,
				7F16F4B626DBE438000BF5AA /* InfomationViewController.swift */,
			);
			path = Controller;
			sourceTree = "<group>";
		};
		7F97093F26DA4392004F04B4 /* Storyboard */ = {
			isa = PBXGroup;
			children = (
				7F97092926DA2EB2004F04B4 /* LaunchScreen.storyboard */,
				7F10AE9126DD31410031EEA6 /* SignIn.storyboard */,
				7F10AEA326DE17340031EEA6 /* SignUp.storyboard */,
				7F97093826DA3797004F04B4 /* Split.storyboard */,
			);
			path = Storyboard;
			sourceTree = "<group>";
		};
		824860F6B9DCB33CDB29D6AC /* Pods */ = {
			isa = PBXGroup;
			children = (
				C4DC5E1E3350E8F102223AEC /* Pods-P4Signindrawer.debug.xcconfig */,
				133450ED4AF04EB82E981089 /* Pods-P4Signindrawer.release.xcconfig */,
			);
			path = Pods;
			sourceTree = "<group>";
		};
/* End PBXGroup section */

/* Begin PBXNativeTarget section */
		7F97091C26DA2EB1004F04B4 /* P4Signindrawer */ = {
			isa = PBXNativeTarget;
			buildConfigurationList = 7F97092F26DA2EB2004F04B4 /* Build configuration list for PBXNativeTarget "P4Signindrawer" */;
			buildPhases = (
				FB683A92D5AA2A25A4EF19BD /* [CP] Check Pods Manifest.lock */,
				7F97091926DA2EB1004F04B4 /* Sources */,
				7F97091A26DA2EB1004F04B4 /* Frameworks */,
				7F97091B26DA2EB1004F04B4 /* Resources */,
				8A944A8005DAFF45F6BE6227 /* [CP] Embed Pods Frameworks */,
			);
			buildRules = (
			);
			dependencies = (
			);
			name = P4Signindrawer;
			productName = P4Signindrawer;
			productReference = 7F97091D26DA2EB1004F04B4 /* P4Signindrawer.app */;
			productType = "com.apple.product-type.application";
		};
/* End PBXNativeTarget section */

/* Begin PBXProject section */
		7F97091526DA2EB1004F04B4 /* Project object */ = {
			isa = PBXProject;
			attributes = {
				LastSwiftUpdateCheck = 1000;
				LastUpgradeCheck = 1000;
				ORGANIZATIONNAME = cmStudent;
				TargetAttributes = {
					7F97091C26DA2EB1004F04B4 = {
						CreatedOnToolsVersion = 10.0;
					};
				};
			};
			buildConfigurationList = 7F97091826DA2EB1004F04B4 /* Build configuration list for PBXProject "P4Signindrawer" */;
			compatibilityVersion = "Xcode 9.3";
			developmentRegion = en;
			hasScannedForEncodings = 0;
			knownRegions = (
				en,
				Base,
			);
			mainGroup = 7F97091426DA2EB1004F04B4;
			productRefGroup = 7F97091E26DA2EB1004F04B4 /* Products */;
			projectDirPath = "";
			projectRoot = "";
			targets = (
				7F97091C26DA2EB1004F04B4 /* P4Signindrawer */,
			);
		};
/* End PBXProject section */

/* Begin PBXResourcesBuildPhase section */
		7F97091B26DA2EB1004F04B4 /* Resources */ = {
			isa = PBXResourcesBuildPhase;
			buildActionMask = 2147483647;
			files = (
				7F97092B26DA2EB2004F04B4 /* LaunchScreen.storyboard in Resources */,
				7F97093926DA3797004F04B4 /* Split.storyboard in Resources */,
				7F16F4A426DB7884000BF5AA /* MenuCell.xib in Resources */,
				7F16F4A026DB77C2000BF5AA /* LogoCell.xib in Resources */,
				7F97092826DA2EB2004F04B4 /* Assets.xcassets in Resources */,
				7F10AE9226DD31410031EEA6 /* SignIn.storyboard in Resources */,
				7F10AEA426DE17340031EEA6 /* SignUp.storyboard in Resources */,
				7F16F4A826DB7907000BF5AA /* MinimizeCell.xib in Resources */,
			);
			runOnlyForDeploymentPostprocessing = 0;
		};
/* End PBXResourcesBuildPhase section */

/* Begin PBXShellScriptBuildPhase section */
		8A944A8005DAFF45F6BE6227 /* [CP] Embed Pods Frameworks */ = {
			isa = PBXShellScriptBuildPhase;
			buildActionMask = 2147483647;
			files = (
			);
			inputFileListPaths = (
				"${PODS_ROOT}/Target Support Files/Pods-P4Signindrawer/Pods-P4Signindrawer-frameworks-${CONFIGURATION}-input-files.xcfilelist",
			);
			name = "[CP] Embed Pods Frameworks";
			outputFileListPaths = (
				"${PODS_ROOT}/Target Support Files/Pods-P4Signindrawer/Pods-P4Signindrawer-frameworks-${CONFIGURATION}-output-files.xcfilelist",
			);
			runOnlyForDeploymentPostprocessing = 0;
			shellPath = /bin/sh;
			shellScript = "\"${PODS_ROOT}/Target Support Files/Pods-P4Signindrawer/Pods-P4Signindrawer-frameworks.sh\"\n";
			showEnvVarsInLog = 0;
		};
		FB683A92D5AA2A25A4EF19BD /* [CP] Check Pods Manifest.lock */ = {
			isa = PBXShellScriptBuildPhase;
			buildActionMask = 2147483647;
			files = (
			);
			inputFileListPaths = (
			);
			inputPaths = (
				"${PODS_PODFILE_DIR_PATH}/Podfile.lock",
				"${PODS_ROOT}/Manifest.lock",
			);
			name = "[CP] Check Pods Manifest.lock";
			outputFileListPaths = (
			);
			outputPaths = (
				"$(DERIVED_FILE_DIR)/Pods-P4Signindrawer-checkManifestLockResult.txt",
			);
			runOnlyForDeploymentPostprocessing = 0;
			shellPath = /bin/sh;
			shellScript = "diff \"${PODS_PODFILE_DIR_PATH}/Podfile.lock\" \"${PODS_ROOT}/Manifest.lock\" > /dev/null\nif [ $? != 0 ] ; then\n    # print error to STDERR\n    echo \"error: The sandbox is not in sync with the Podfile.lock. Run 'pod install' or update your CocoaPods installation.\" >&2\n    exit 1\nfi\n# This output is used by Xcode 'outputs' to avoid re-running this script phase.\necho \"SUCCESS\" > \"${SCRIPT_OUTPUT_FILE_0}\"\n";
			showEnvVarsInLog = 0;
		};
/* End PBXShellScriptBuildPhase section */

/* Begin PBXSourcesBuildPhase section */
		7F97091926DA2EB1004F04B4 /* Sources */ = {
			isa = PBXSourcesBuildPhase;
			buildActionMask = 2147483647;
			files = (
				7F10AE9826DD385C0031EEA6 /* UISplitViewController+Extension.swift in Sources */,
				7F16F4B726DBE438000BF5AA /* InfomationViewController.swift in Sources */,
				7F97092126DA2EB1004F04B4 /* AppDelegate.swift in Sources */,
				7F5A444C26E09D3A00BE7BD3 /* Alert.swift in Sources */,
				7F16F4B326DBC30C000BF5AA /* Minimize.swift in Sources */,
				7F16F4A726DB7907000BF5AA /* MinimizeCell.swift in Sources */,
				7F5A443C26DE3B0D00BE7BD3 /* RealmManager.swift in Sources */,
				7F10AEA226DE171A0031EEA6 /* SignUpViewController.swift in Sources */,
				7F10AEA026DD3B9E0031EEA6 /* Color.swift in Sources */,
				7F10AE9426DD31630031EEA6 /* SignInViewController.swift in Sources */,
				7F16F4B526DBD88C000BF5AA /* Logo.swift in Sources */,
				7F16F4A326DB7884000BF5AA /* MenuCell.swift in Sources */,
				7F10AE9E26DD39CA0031EEA6 /* UIButton+Extension.swift in Sources */,
				7F5A445126E09DC700BE7BD3 /* InputError.swift in Sources */,
				7F97093B26DA393F004F04B4 /* SplitViewController.swift in Sources */,
				7F10AE9A26DD388C0031EEA6 /* UITextField+Extension.swift in Sources */,
				7F5A444826DF893100BE7BD3 /* PasswordUtil.swift in Sources */,
				7F5A444326DF7AEF00BE7BD3 /* PhoneUtil.swift in Sources */,
				7F16F49F26DB77C2000BF5AA /* LogoCell.swift in Sources */,
				7F16F4B126DB8B24000BF5AA /* Menu.swift in Sources */,
				7F16F49226DA471C000BF5AA /* MenuViewController.swift in Sources */,
				7F16F4AB26DB7A8E000BF5AA /* Reusable.swift in Sources */,
				7F5A444126DE411900BE7BD3 /* User.swift in Sources */,
				7F5A444626DF831B00BE7BD3 /* EmailUtil.swift in Sources */,
			);
			runOnlyForDeploymentPostprocessing = 0;
		};
/* End PBXSourcesBuildPhase section */

/* Begin PBXVariantGroup section */
		7F97092926DA2EB2004F04B4 /* LaunchScreen.storyboard */ = {
			isa = PBXVariantGroup;
			children = (
				7F97092A26DA2EB2004F04B4 /* Base */,
			);
			name = LaunchScreen.storyboard;
			sourceTree = "<group>";
		};
/* End PBXVariantGroup section */

/* Begin XCBuildConfiguration section */
		7F97092D26DA2EB2004F04B4 /* Debug */ = {
			isa = XCBuildConfiguration;
			buildSettings = {
				ALWAYS_SEARCH_USER_PATHS = NO;
				CLANG_ANALYZER_NONNULL = YES;
				CLANG_ANALYZER_NUMBER_OBJECT_CONVERSION = YES_AGGRESSIVE;
				CLANG_CXX_LANGUAGE_STANDARD = "gnu++14";
				CLANG_CXX_LIBRARY = "libc++";
				CLANG_ENABLE_MODULES = YES;
				CLANG_ENABLE_OBJC_ARC = YES;
				CLANG_ENABLE_OBJC_WEAK = YES;
				CLANG_WARN_BLOCK_CAPTURE_AUTORELEASING = YES;
				CLANG_WARN_BOOL_CONVERSION = YES;
				CLANG_WARN_COMMA = YES;
				CLANG_WARN_CONSTANT_CONVERSION = YES;
				CLANG_WARN_DEPRECATED_OBJC_IMPLEMENTATIONS = YES;
				CLANG_WARN_DIRECT_OBJC_ISA_USAGE = YES_ERROR;
				CLANG_WARN_DOCUMENTATION_COMMENTS = YES;
				CLANG_WARN_EMPTY_BODY = YES;
				CLANG_WARN_ENUM_CONVERSION = YES;
				CLANG_WARN_INFINITE_RECURSION = YES;
				CLANG_WARN_INT_CONVERSION = YES;
				CLANG_WARN_NON_LITERAL_NULL_CONVERSION = YES;
				CLANG_WARN_OBJC_IMPLICIT_RETAIN_SELF = YES;
				CLANG_WARN_OBJC_LITERAL_CONVERSION = YES;
				CLANG_WARN_OBJC_ROOT_CLASS = YES_ERROR;
				CLANG_WARN_RANGE_LOOP_ANALYSIS = YES;
				CLANG_WARN_STRICT_PROTOTYPES = YES;
				CLANG_WARN_SUSPICIOUS_MOVE = YES;
				CLANG_WARN_UNGUARDED_AVAILABILITY = YES_AGGRESSIVE;
				CLANG_WARN_UNREACHABLE_CODE = YES;
				CLANG_WARN__DUPLICATE_METHOD_MATCH = YES;
				CODE_SIGN_IDENTITY = "iPhone Developer";
				COPY_PHASE_STRIP = NO;
				DEBUG_INFORMATION_FORMAT = dwarf;
				ENABLE_STRICT_OBJC_MSGSEND = YES;
				ENABLE_TESTABILITY = YES;
				GCC_C_LANGUAGE_STANDARD = gnu11;
				GCC_DYNAMIC_NO_PIC = NO;
				GCC_NO_COMMON_BLOCKS = YES;
				GCC_OPTIMIZATION_LEVEL = 0;
				GCC_PREPROCESSOR_DEFINITIONS = (
					"DEBUG=1",
					"$(inherited)",
				);
				GCC_WARN_64_TO_32_BIT_CONVERSION = YES;
				GCC_WARN_ABOUT_RETURN_TYPE = YES_ERROR;
				GCC_WARN_UNDECLARED_SELECTOR = YES;
				GCC_WARN_UNINITIALIZED_AUTOS = YES_AGGRESSIVE;
				GCC_WARN_UNUSED_FUNCTION = YES;
				GCC_WARN_UNUSED_VARIABLE = YES;
				IPHONEOS_DEPLOYMENT_TARGET = 12.0;
				MTL_ENABLE_DEBUG_INFO = INCLUDE_SOURCE;
				MTL_FAST_MATH = YES;
				ONLY_ACTIVE_ARCH = YES;
				SDKROOT = iphoneos;
				SWIFT_ACTIVE_COMPILATION_CONDITIONS = DEBUG;
				SWIFT_OPTIMIZATION_LEVEL = "-Onone";
			};
			name = Debug;
		};
		7F97092E26DA2EB2004F04B4 /* Release */ = {
			isa = XCBuildConfiguration;
			buildSettings = {
				ALWAYS_SEARCH_USER_PATHS = NO;
				CLANG_ANALYZER_NONNULL = YES;
				CLANG_ANALYZER_NUMBER_OBJECT_CONVERSION = YES_AGGRESSIVE;
				CLANG_CXX_LANGUAGE_STANDARD = "gnu++14";
				CLANG_CXX_LIBRARY = "libc++";
				CLANG_ENABLE_MODULES = YES;
				CLANG_ENABLE_OBJC_ARC = YES;
				CLANG_ENABLE_OBJC_WEAK = YES;
				CLANG_WARN_BLOCK_CAPTURE_AUTORELEASING = YES;
				CLANG_WARN_BOOL_CONVERSION = YES;
				CLANG_WARN_COMMA = YES;
				CLANG_WARN_CONSTANT_CONVERSION = YES;
				CLANG_WARN_DEPRECATED_OBJC_IMPLEMENTATIONS = YES;
				CLANG_WARN_DIRECT_OBJC_ISA_USAGE = YES_ERROR;
				CLANG_WARN_DOCUMENTATION_COMMENTS = YES;
				CLANG_WARN_EMPTY_BODY = YES;
				CLANG_WARN_ENUM_CONVERSION = YES;
				CLANG_WARN_INFINITE_RECURSION = YES;
				CLANG_WARN_INT_CONVERSION = YES;
				CLANG_WARN_NON_LITERAL_NULL_CONVERSION = YES;
				CLANG_WARN_OBJC_IMPLICIT_RETAIN_SELF = YES;
				CLANG_WARN_OBJC_LITERAL_CONVERSION = YES;
				CLANG_WARN_OBJC_ROOT_CLASS = YES_ERROR;
				CLANG_WARN_RANGE_LOOP_ANALYSIS = YES;
				CLANG_WARN_STRICT_PROTOTYPES = YES;
				CLANG_WARN_SUSPICIOUS_MOVE = YES;
				CLANG_WARN_UNGUARDED_AVAILABILITY = YES_AGGRESSIVE;
				CLANG_WARN_UNREACHABLE_CODE = YES;
				CLANG_WARN__DUPLICATE_METHOD_MATCH = YES;
				CODE_SIGN_IDENTITY = "iPhone Developer";
				COPY_PHASE_STRIP = NO;
				DEBUG_INFORMATION_FORMAT = "dwarf-with-dsym";
				ENABLE_NS_ASSERTIONS = NO;
				ENABLE_STRICT_OBJC_MSGSEND = YES;
				GCC_C_LANGUAGE_STANDARD = gnu11;
				GCC_NO_COMMON_BLOCKS = YES;
				GCC_WARN_64_TO_32_BIT_CONVERSION = YES;
				GCC_WARN_ABOUT_RETURN_TYPE = YES_ERROR;
				GCC_WARN_UNDECLARED_SELECTOR = YES;
				GCC_WARN_UNINITIALIZED_AUTOS = YES_AGGRESSIVE;
				GCC_WARN_UNUSED_FUNCTION = YES;
				GCC_WARN_UNUSED_VARIABLE = YES;
				IPHONEOS_DEPLOYMENT_TARGET = 12.0;
				MTL_ENABLE_DEBUG_INFO = NO;
				MTL_FAST_MATH = YES;
				SDKROOT = iphoneos;
				SWIFT_COMPILATION_MODE = wholemodule;
				SWIFT_OPTIMIZATION_LEVEL = "-O";
				VALIDATE_PRODUCT = YES;
			};
			name = Release;
		};
		7F97093026DA2EB2004F04B4 /* Debug */ = {
			isa = XCBuildConfiguration;
			baseConfigurationReference = C4DC5E1E3350E8F102223AEC /* Pods-P4Signindrawer.debug.xcconfig */;
			buildSettings = {
				ASSETCATALOG_COMPILER_APPICON_NAME = AppIcon;
				CODE_SIGN_STYLE = Automatic;
				DEVELOPMENT_TEAM = MZV473SPTS;
				INFOPLIST_FILE = P4Signindrawer/Info.plist;
				LD_RUNPATH_SEARCH_PATHS = (
					"$(inherited)",
					"@executable_path/Frameworks",
				);
				PRODUCT_BUNDLE_IDENTIFIER = jp.ac.jec.cm0123.P4Signindrawer;
				PRODUCT_NAME = "$(TARGET_NAME)";
				SWIFT_VERSION = 4.2;
				TARGETED_DEVICE_FAMILY = "1,2";
			};
			name = Debug;
		};
		7F97093126DA2EB2004F04B4 /* Release */ = {
			isa = XCBuildConfiguration;
			baseConfigurationReference = 133450ED4AF04EB82E981089 /* Pods-P4Signindrawer.release.xcconfig */;
			buildSettings = {
				ASSETCATALOG_COMPILER_APPICON_NAME = AppIcon;
				CODE_SIGN_STYLE = Automatic;
				DEVELOPMENT_TEAM = MZV473SPTS;
				INFOPLIST_FILE = P4Signindrawer/Info.plist;
				LD_RUNPATH_SEARCH_PATHS = (
					"$(inherited)",
					"@executable_path/Frameworks",
				);
				PRODUCT_BUNDLE_IDENTIFIER = jp.ac.jec.cm0123.P4Signindrawer;
				PRODUCT_NAME = "$(TARGET_NAME)";
				SWIFT_VERSION = 4.2;
				TARGETED_DEVICE_FAMILY = "1,2";
			};
			name = Release;
		};
/* End XCBuildConfiguration section */

/* Begin XCConfigurationList section */
		7F97091826DA2EB1004F04B4 /* Build configuration list for PBXProject "P4Signindrawer" */ = {
			isa = XCConfigurationList;
			buildConfigurations = (
				7F97092D26DA2EB2004F04B4 /* Debug */,
				7F97092E26DA2EB2004F04B4 /* Release */,
			);
			defaultConfigurationIsVisible = 0;
			defaultConfigurationName = Release;
		};
		7F97092F26DA2EB2004F04B4 /* Build configuration list for PBXNativeTarget "P4Signindrawer" */ = {
			isa = XCConfigurationList;
			buildConfigurations = (
				7F97093026DA2EB2004F04B4 /* Debug */,
				7F97093126DA2EB2004F04B4 /* Release */,
			);
			defaultConfigurationIsVisible = 0;
			defaultConfigurationName = Release;
		};
/* End XCConfigurationList section */
	};
	rootObject = 7F97091526DA2EB1004F04B4 /* Project object */;
}
